
Microsoft Visual Studio Solution File, Format Version 12.00
# Visual Studio 15
VisualStudioVersion = 15.0.28010.2046
MinimumVisualStudioVersion = 10.0.40219.1
Project("{FAE04EC0-301F-11D3-BF4B-00C04F79EFBC}") = "NativeForms.Droid", "NativeForms.Droid\NativeForms.Droid.csproj", "{3BC0AC7E-3B3B-4D3F-9CC0-B2BDECC460A6}"
EndProject
Project("{FAE04EC0-301F-11D3-BF4B-00C04F79EFBC}") = "NativeForms.UWP", "NativeForms.UWP\NativeForms.UWP.csproj", "{7B285850-629B-4EE1-BAC1-D12050DE5BDC}"
EndProject
Global
	GlobalSection(SolutionConfigurationPlatforms) = preSolution
		Debug|Any CPU = Debug|Any CPU
		Debug|ARM = Debug|ARM
		Debug|x64 = Debug|x64
		Debug|x86 = Debug|x86
		Release|Any CPU = Release|Any CPU
		Release|ARM = Release|ARM
		Release|x64 = Release|x64
		Release|x86 = Release|x86
	EndGlobalSection
	GlobalSection(ProjectConfigurationPlatforms) = postSolution
		{3BC0AC7E-3B3B-4D3F-9CC0-B2BDECC460A6}.Debug|Any CPU.ActiveCfg = Debug|Any CPU
		{3BC0AC7E-3B3B-4D3F-9CC0-B2BDECC460A6}.Debug|Any CPU.Build.0 = Debug|Any CPU
		{3BC0AC7E-3B3B-4D3F-9CC0-B2BDECC460A6}.Debug|Any CPU.Deploy.0 = Debug|Any CPU
		{3BC0AC7E-3B3B-4D3F-9CC0-B2BDECC460A6}.Debug|ARM.ActiveCfg = Debug|Any CPU
		{3BC0AC7E-3B3B-4D3F-9CC0-B2BDECC460A6}.Debug|ARM.Build.0 = Debug|Any CPU
		{3BC0AC7E-3B3B-4D3F-9CC0-B2BDECC460A6}.Debug|ARM.Deploy.0 = Debug|Any CPU
		{3BC0AC7E-3B3B-4D3F-9CC0-B2BDECC460A6}.Debug|x64.ActiveCfg = Debug|Any CPU
		{3BC0AC7E-3B3B-4D3F-9CC0-B2BDECC460A6}.Debug|x64.Build.0 = Debug|Any CPU
		{3BC0AC7E-3B3B-4D3F-9CC0-B2BDECC460A6}.Debug|x64.Deploy.0 = Debug|Any CPU
		{3BC0AC7E-3B3B-4D3F-9CC0-B2BDECC460A6}.Debug|x86.ActiveCfg = Debug|Any CPU
		{3BC0AC7E-3B3B-4D3F-9CC0-B2BDECC460A6}.Debug|x86.Build.0 = Debug|Any CPU
		{3BC0AC7E-3B3B-4D3F-9CC0-B2BDECC460A6}.Debug|x86.Deploy.0 = Debug|Any CPU
		{3BC0AC7E-3B3B-4D3F-9CC0-B2BDECC460A6}.Release|Any CPU.ActiveCfg = Release|Any CPU
		{3BC0AC7E-3B3B-4D3F-9CC0-B2BDECC460A6}.Release|Any CPU.Build.0 = Release|Any CPU
		{3BC0AC7E-3B3B-4D3F-9CC0-B2BDECC460A6}.Release|Any CPU.Deploy.0 = Release|Any CPU
		{3BC0AC7E-3B3B-4D3F-9CC0-B2BDECC460A6}.Release|ARM.ActiveCfg = Release|Any CPU
		{3BC0AC7E-3B3B-4D3F-9CC0-B2BDECC460A6}.Release|ARM.Build.0 = Release|Any CPU
		{3BC0AC7E-3B3B-4D3F-9CC0-B2BDECC460A6}.Release|ARM.Deploy.0 = Release|Any CPU
		{3BC0AC7E-3B3B-4D3F-9CC0-B2BDECC460A6}.Release|x64.ActiveCfg = Release|Any CPU
		{3BC0AC7E-3B3B-4D3F-9CC0-B2BDECC460A6}.Release|x64.Build.0 = Release|Any CPU
		{3BC0AC7E-3B3B-4D3F-9CC0-B2BDECC460A6}.Release|x64.Deploy.0 = Release|Any CPU
		{3BC0AC7E-3B3B-4D3F-9CC0-B2BDECC460A6}.Release|x86.ActiveCfg = Release|Any CPU
		{3BC0AC7E-3B3B-4D3F-9CC0-B2BDECC460A6}.Release|x86.Build.0 = Release|Any CPU
		{3BC0AC7E-3B3B-4D3F-9CC0-B2BDECC460A6}.Release|x86.Deploy.0 = Release|Any CPU
		{7B285850-629B-4EE1-BAC1-D12050DE5BDC}.Debug|Any CPU.ActiveCfg = Debug|x86
		{7B285850-629B-4EE1-BAC1-D12050DE5BDC}.Debug|ARM.ActiveCfg = Debug|ARM
		{7B285850-629B-4EE1-BAC1-D12050DE5BDC}.Debug|ARM.Build.0 = Debug|ARM
		{7B285850-629B-4EE1-BAC1-D12050DE5BDC}.Debug|ARM.Deploy.0 = Debug|ARM
		{7B285850-629B-4EE1-BAC1-D12050DE5BDC}.Debug|x64.ActiveCfg = Debug|x64
		{7B285850-629B-4EE1-BAC1-D12050DE5BDC}.Debug|x64.Build.0 = Debug|x64
		{7B285850-629B-4EE1-BAC1-D12050DE5BDC}.Debug|x64.Deploy.0 = Debug|x64
		{7B285850-629B-4EE1-BAC1-D12050DE5BDC}.Debug|x86.ActiveCfg = Debug|x86
		{7B285850-629B-4EE1-BAC1-D12050DE5BDC}.Debug|x86.Build.0 = Debug|x86
		{7B285850-629B-4EE1-BAC1-D12050DE5BDC}.Debug|x86.Deploy.0 = Debug|x86
		{7B285850-629B-4EE1-BAC1-D12050DE5BDC}.Release|Any CPU.ActiveCfg = Release|x86
		{7B285850-629B-4EE1-BAC1-D12050DE5BDC}.Release|ARM.ActiveCfg = Release|ARM
		{7B285850-629B-4EE1-BAC1-D12050DE5BDC}.Release|ARM.Build.0 = Release|ARM
		{7B285850-629B-4EE1-BAC1-D12050DE5BDC}.Release|ARM.Deploy.0 = Release|ARM
		{7B285850-629B-4EE1-BAC1-D12050DE5BDC}.Release|x64.ActiveCfg = Release|x64
		{7B285850-629B-4EE1-BAC1-D12050DE5BDC}.Release|x64.Build.0 = Release|x64
		{7B285850-629B-4EE1-BAC1-D12050DE5BDC}.Release|x64.Deploy.0 = Release|x64
		{7B285850-629B-4EE1-BAC1-D12050DE5BDC}.Release|x86.ActiveCfg = Release|x86
		{7B285850-629B-4EE1-BAC1-D12050DE5BDC}.Release|x86.Build.0 = Release|x86
		{7B285850-629B-4EE1-BAC1-D12050DE5BDC}.Release|x86.Deploy.0 = Release|x86
	EndGlobalSection
	GlobalSection(SolutionProperties) = preSolution
		HideSolutionNode = FALSE
	EndGlobalSection
	GlobalSection(ExtensibilityGlobals) = postSolution
		SolutionGuid = {22A39CF0-6915-424A-8963-01AD18B8BDE5}
	EndGlobalSection
EndGlobal
