
Microsoft Visual Studio Solution File, Format Version 12.00
# Visual Studio 15
VisualStudioVersion = 15.0.28010.2041
MinimumVisualStudioVersion = 10.0.40219.1
Project("{FAE04EC0-301F-11D3-BF4B-00C04F79EFBC}") = "FlexLayoutSample.Android", "FlexLayoutSample\FlexLayoutSample.Android\FlexLayoutSample.Android.csproj", "{4502AED6-EC13-4208-A870-8BCFD823BA43}"
EndProject
Project("{FAE04EC0-301F-11D3-BF4B-00C04F79EFBC}") = "FlexLayoutSample.iOS", "FlexLayoutSample\FlexLayoutSample.iOS\FlexLayoutSample.iOS.csproj", "{3A52AB90-C973-47D8-BEF3-ACD5EF7E9B7D}"
EndProject
Project("{FAE04EC0-301F-11D3-BF4B-00C04F79EFBC}") = "FlexLayoutSample.UWP", "FlexLayoutSample\FlexLayoutSample.UWP\FlexLayoutSample.UWP.csproj", "{7EC018D1-C165-40DA-906D-8AAE73D6D9D4}"
EndProject
Project("{FAE04EC0-301F-11D3-BF4B-00C04F79EFBC}") = "FlexLayoutSample", "FlexLayoutSample\FlexLayoutSample\FlexLayoutSample.csproj", "{A50DFF08-8B68-4E92-812A-50DDE63BA6A2}"
EndProject
Global
	GlobalSection(SolutionConfigurationPlatforms) = preSolution
		Ad-Hoc|Any CPU = Ad-Hoc|Any CPU
		Ad-Hoc|ARM = Ad-Hoc|ARM
		Ad-Hoc|iPhone = Ad-Hoc|iPhone
		Ad-Hoc|iPhoneSimulator = Ad-Hoc|iPhoneSimulator
		Ad-Hoc|x64 = Ad-Hoc|x64
		Ad-Hoc|x86 = Ad-Hoc|x86
		AppStore|Any CPU = AppStore|Any CPU
		AppStore|ARM = AppStore|ARM
		AppStore|iPhone = AppStore|iPhone
		AppStore|iPhoneSimulator = AppStore|iPhoneSimulator
		AppStore|x64 = AppStore|x64
		AppStore|x86 = AppStore|x86
		Debug|Any CPU = Debug|Any CPU
		Debug|ARM = Debug|ARM
		Debug|iPhone = Debug|iPhone
		Debug|iPhoneSimulator = Debug|iPhoneSimulator
		Debug|x64 = Debug|x64
		Debug|x86 = Debug|x86
		Release|Any CPU = Release|Any CPU
		Release|ARM = Release|ARM
		Release|iPhone = Release|iPhone
		Release|iPhoneSimulator = Release|iPhoneSimulator
		Release|x64 = Release|x64
		Release|x86 = Release|x86
	EndGlobalSection
	GlobalSection(ProjectConfigurationPlatforms) = postSolution
		{4502AED6-EC13-4208-A870-8BCFD823BA43}.Ad-Hoc|Any CPU.ActiveCfg = Release|Any CPU
		{4502AED6-EC13-4208-A870-8BCFD823BA43}.Ad-Hoc|Any CPU.Build.0 = Release|Any CPU
		{4502AED6-EC13-4208-A870-8BCFD823BA43}.Ad-Hoc|Any CPU.Deploy.0 = Release|Any CPU
		{4502AED6-EC13-4208-A870-8BCFD823BA43}.Ad-Hoc|ARM.ActiveCfg = Release|Any CPU
		{4502AED6-EC13-4208-A870-8BCFD823BA43}.Ad-Hoc|ARM.Build.0 = Release|Any CPU
		{4502AED6-EC13-4208-A870-8BCFD823BA43}.Ad-Hoc|ARM.Deploy.0 = Release|Any CPU
		{4502AED6-EC13-4208-A870-8BCFD823BA43}.Ad-Hoc|iPhone.ActiveCfg = Release|Any CPU
		{4502AED6-EC13-4208-A870-8BCFD823BA43}.Ad-Hoc|iPhone.Build.0 = Release|Any CPU
		{4502AED6-EC13-4208-A870-8BCFD823BA43}.Ad-Hoc|iPhone.Deploy.0 = Release|Any CPU
		{4502AED6-EC13-4208-A870-8BCFD823BA43}.Ad-Hoc|iPhoneSimulator.ActiveCfg = Release|Any CPU
		{4502AED6-EC13-4208-A870-8BCFD823BA43}.Ad-Hoc|iPhoneSimulator.Build.0 = Release|Any CPU
		{4502AED6-EC13-4208-A870-8BCFD823BA43}.Ad-Hoc|iPhoneSimulator.Deploy.0 = Release|Any CPU
		{4502AED6-EC13-4208-A870-8BCFD823BA43}.Ad-Hoc|x64.ActiveCfg = Release|Any CPU
		{4502AED6-EC13-4208-A870-8BCFD823BA43}.Ad-Hoc|x64.Build.0 = Release|Any CPU
		{4502AED6-EC13-4208-A870-8BCFD823BA43}.Ad-Hoc|x64.Deploy.0 = Release|Any CPU
		{4502AED6-EC13-4208-A870-8BCFD823BA43}.Ad-Hoc|x86.ActiveCfg = Release|Any CPU
		{4502AED6-EC13-4208-A870-8BCFD823BA43}.Ad-Hoc|x86.Build.0 = Release|Any CPU
		{4502AED6-EC13-4208-A870-8BCFD823BA43}.Ad-Hoc|x86.Deploy.0 = Release|Any CPU
		{4502AED6-EC13-4208-A870-8BCFD823BA43}.AppStore|Any CPU.ActiveCfg = Release|Any CPU
		{4502AED6-EC13-4208-A870-8BCFD823BA43}.AppStore|Any CPU.Build.0 = Release|Any CPU
		{4502AED6-EC13-4208-A870-8BCFD823BA43}.AppStore|Any CPU.Deploy.0 = Release|Any CPU
		{4502AED6-EC13-4208-A870-8BCFD823BA43}.AppStore|ARM.ActiveCfg = Release|Any CPU
		{4502AED6-EC13-4208-A870-8BCFD823BA43}.AppStore|ARM.Build.0 = Release|Any CPU
		{4502AED6-EC13-4208-A870-8BCFD823BA43}.AppStore|ARM.Deploy.0 = Release|Any CPU
		{4502AED6-EC13-4208-A870-8BCFD823BA43}.AppStore|iPhone.ActiveCfg = Release|Any CPU
		{4502AED6-EC13-4208-A870-8BCFD823BA43}.AppStore|iPhone.Build.0 = Release|Any CPU
		{4502AED6-EC13-4208-A870-8BCFD823BA43}.AppStore|iPhone.Deploy.0 = Release|Any CPU
		{4502AED6-EC13-4208-A870-8BCFD823BA43}.AppStore|iPhoneSimulator.ActiveCfg = Release|Any CPU
		{4502AED6-EC13-4208-A870-8BCFD823BA43}.AppStore|iPhoneSimulator.Build.0 = Release|Any CPU
		{4502AED6-EC13-4208-A870-8BCFD823BA43}.AppStore|iPhoneSimulator.Deploy.0 = Release|Any CPU
		{4502AED6-EC13-4208-A870-8BCFD823BA43}.AppStore|x64.ActiveCfg = Release|Any CPU
		{4502AED6-EC13-4208-A870-8BCFD823BA43}.AppStore|x64.Build.0 = Release|Any CPU
		{4502AED6-EC13-4208-A870-8BCFD823BA43}.AppStore|x64.Deploy.0 = Release|Any CPU
		{4502AED6-EC13-4208-A870-8BCFD823BA43}.AppStore|x86.ActiveCfg = Release|Any CPU
		{4502AED6-EC13-4208-A870-8BCFD823BA43}.AppStore|x86.Build.0 = Release|Any CPU
		{4502AED6-EC13-4208-A870-8BCFD823BA43}.AppStore|x86.Deploy.0 = Release|Any CPU
		{4502AED6-EC13-4208-A870-8BCFD823BA43}.Debug|Any CPU.ActiveCfg = Debug|Any CPU
		{4502AED6-EC13-4208-A870-8BCFD823BA43}.Debug|Any CPU.Build.0 = Debug|Any CPU
		{4502AED6-EC13-4208-A870-8BCFD823BA43}.Debug|Any CPU.Deploy.0 = Debug|Any CPU
		{4502AED6-EC13-4208-A870-8BCFD823BA43}.Debug|ARM.ActiveCfg = Debug|Any CPU
		{4502AED6-EC13-4208-A870-8BCFD823BA43}.Debug|ARM.Build.0 = Debug|Any CPU
		{4502AED6-EC13-4208-A870-8BCFD823BA43}.Debug|ARM.Deploy.0 = Debug|Any CPU
		{4502AED6-EC13-4208-A870-8BCFD823BA43}.Debug|iPhone.ActiveCfg = Debug|Any CPU
		{4502AED6-EC13-4208-A870-8BCFD823BA43}.Debug|iPhone.Build.0 = Debug|Any CPU
		{4502AED6-EC13-4208-A870-8BCFD823BA43}.Debug|iPhone.Deploy.0 = Debug|Any CPU
		{4502AED6-EC13-4208-A870-8BCFD823BA43}.Debug|iPhoneSimulator.ActiveCfg = Debug|Any CPU
		{4502AED6-EC13-4208-A870-8BCFD823BA43}.Debug|iPhoneSimulator.Build.0 = Debug|Any CPU
		{4502AED6-EC13-4208-A870-8BCFD823BA43}.Debug|iPhoneSimulator.Deploy.0 = Debug|Any CPU
		{4502AED6-EC13-4208-A870-8BCFD823BA43}.Debug|x64.ActiveCfg = Debug|Any CPU
		{4502AED6-EC13-4208-A870-8BCFD823BA43}.Debug|x64.Build.0 = Debug|Any CPU
		{4502AED6-EC13-4208-A870-8BCFD823BA43}.Debug|x64.Deploy.0 = Debug|Any CPU
		{4502AED6-EC13-4208-A870-8BCFD823BA43}.Debug|x86.ActiveCfg = Debug|Any CPU
		{4502AED6-EC13-4208-A870-8BCFD823BA43}.Debug|x86.Build.0 = Debug|Any CPU
		{4502AED6-EC13-4208-A870-8BCFD823BA43}.Debug|x86.Deploy.0 = Debug|Any CPU
		{4502AED6-EC13-4208-A870-8BCFD823BA43}.Release|Any CPU.ActiveCfg = Release|Any CPU
		{4502AED6-EC13-4208-A870-8BCFD823BA43}.Release|Any CPU.Build.0 = Release|Any CPU
		{4502AED6-EC13-4208-A870-8BCFD823BA43}.Release|Any CPU.Deploy.0 = Release|Any CPU
		{4502AED6-EC13-4208-A870-8BCFD823BA43}.Release|ARM.ActiveCfg = Release|Any CPU
		{4502AED6-EC13-4208-A870-8BCFD823BA43}.Release|ARM.Build.0 = Release|Any CPU
		{4502AED6-EC13-4208-A870-8BCFD823BA43}.Release|ARM.Deploy.0 = Release|Any CPU
		{4502AED6-EC13-4208-A870-8BCFD823BA43}.Release|iPhone.ActiveCfg = Release|Any CPU
		{4502AED6-EC13-4208-A870-8BCFD823BA43}.Release|iPhone.Build.0 = Release|Any CPU
		{4502AED6-EC13-4208-A870-8BCFD823BA43}.Release|iPhone.Deploy.0 = Release|Any CPU
		{4502AED6-EC13-4208-A870-8BCFD823BA43}.Release|iPhoneSimulator.ActiveCfg = Release|Any CPU
		{4502AED6-EC13-4208-A870-8BCFD823BA43}.Release|iPhoneSimulator.Build.0 = Release|Any CPU
		{4502AED6-EC13-4208-A870-8BCFD823BA43}.Release|iPhoneSimulator.Deploy.0 = Release|Any CPU
		{4502AED6-EC13-4208-A870-8BCFD823BA43}.Release|x64.ActiveCfg = Release|Any CPU
		{4502AED6-EC13-4208-A870-8BCFD823BA43}.Release|x64.Build.0 = Release|Any CPU
		{4502AED6-EC13-4208-A870-8BCFD823BA43}.Release|x64.Deploy.0 = Release|Any CPU
		{4502AED6-EC13-4208-A870-8BCFD823BA43}.Release|x86.ActiveCfg = Release|Any CPU
		{4502AED6-EC13-4208-A870-8BCFD823BA43}.Release|x86.Build.0 = Release|Any CPU
		{4502AED6-EC13-4208-A870-8BCFD823BA43}.Release|x86.Deploy.0 = Release|Any CPU
		{3A52AB90-C973-47D8-BEF3-ACD5EF7E9B7D}.Ad-Hoc|Any CPU.ActiveCfg = Ad-Hoc|iPhone
		{3A52AB90-C973-47D8-BEF3-ACD5EF7E9B7D}.Ad-Hoc|ARM.ActiveCfg = Ad-Hoc|iPhone
		{3A52AB90-C973-47D8-BEF3-ACD5EF7E9B7D}.Ad-Hoc|iPhone.ActiveCfg = Ad-Hoc|iPhone
		{3A52AB90-C973-47D8-BEF3-ACD5EF7E9B7D}.Ad-Hoc|iPhone.Build.0 = Ad-Hoc|iPhone
		{3A52AB90-C973-47D8-BEF3-ACD5EF7E9B7D}.Ad-Hoc|iPhoneSimulator.ActiveCfg = Ad-Hoc|iPhoneSimulator
		{3A52AB90-C973-47D8-BEF3-ACD5EF7E9B7D}.Ad-Hoc|iPhoneSimulator.Build.0 = Ad-Hoc|iPhoneSimulator
		{3A52AB90-C973-47D8-BEF3-ACD5EF7E9B7D}.Ad-Hoc|x64.ActiveCfg = Ad-Hoc|iPhone
		{3A52AB90-C973-47D8-BEF3-ACD5EF7E9B7D}.Ad-Hoc|x86.ActiveCfg = Ad-Hoc|iPhone
		{3A52AB90-C973-47D8-BEF3-ACD5EF7E9B7D}.AppStore|Any CPU.ActiveCfg = AppStore|iPhone
		{3A52AB90-C973-47D8-BEF3-ACD5EF7E9B7D}.AppStore|ARM.ActiveCfg = AppStore|iPhone
		{3A52AB90-C973-47D8-BEF3-ACD5EF7E9B7D}.AppStore|iPhone.ActiveCfg = AppStore|iPhone
		{3A52AB90-C973-47D8-BEF3-ACD5EF7E9B7D}.AppStore|iPhone.Build.0 = AppStore|iPhone
		{3A52AB90-C973-47D8-BEF3-ACD5EF7E9B7D}.AppStore|iPhoneSimulator.ActiveCfg = AppStore|iPhoneSimulator
		{3A52AB90-C973-47D8-BEF3-ACD5EF7E9B7D}.AppStore|iPhoneSimulator.Build.0 = AppStore|iPhoneSimulator
		{3A52AB90-C973-47D8-BEF3-ACD5EF7E9B7D}.AppStore|x64.ActiveCfg = AppStore|iPhone
		{3A52AB90-C973-47D8-BEF3-ACD5EF7E9B7D}.AppStore|x86.ActiveCfg = AppStore|iPhone
		{3A52AB90-C973-47D8-BEF3-ACD5EF7E9B7D}.Debug|Any CPU.ActiveCfg = Debug|iPhone
		{3A52AB90-C973-47D8-BEF3-ACD5EF7E9B7D}.Debug|ARM.ActiveCfg = Debug|iPhone
		{3A52AB90-C973-47D8-BEF3-ACD5EF7E9B7D}.Debug|iPhone.ActiveCfg = Debug|iPhone
		{3A52AB90-C973-47D8-BEF3-ACD5EF7E9B7D}.Debug|iPhone.Build.0 = Debug|iPhone
		{3A52AB90-C973-47D8-BEF3-ACD5EF7E9B7D}.Debug|iPhoneSimulator.ActiveCfg = Debug|iPhoneSimulator
		{3A52AB90-C973-47D8-BEF3-ACD5EF7E9B7D}.Debug|iPhoneSimulator.Build.0 = Debug|iPhoneSimulator
		{3A52AB90-C973-47D8-BEF3-ACD5EF7E9B7D}.Debug|x64.ActiveCfg = Debug|iPhone
		{3A52AB90-C973-47D8-BEF3-ACD5EF7E9B7D}.Debug|x86.ActiveCfg = Debug|iPhone
		{3A52AB90-C973-47D8-BEF3-ACD5EF7E9B7D}.Release|Any CPU.ActiveCfg = Release|iPhone
		{3A52AB90-C973-47D8-BEF3-ACD5EF7E9B7D}.Release|ARM.ActiveCfg = Release|iPhone
		{3A52AB90-C973-47D8-BEF3-ACD5EF7E9B7D}.Release|iPhone.ActiveCfg = Release|iPhone
		{3A52AB90-C973-47D8-BEF3-ACD5EF7E9B7D}.Release|iPhone.Build.0 = Release|iPhone
		{3A52AB90-C973-47D8-BEF3-ACD5EF7E9B7D}.Release|iPhoneSimulator.ActiveCfg = Release|iPhoneSimulator
		{3A52AB90-C973-47D8-BEF3-ACD5EF7E9B7D}.Release|iPhoneSimulator.Build.0 = Release|iPhoneSimulator
		{3A52AB90-C973-47D8-BEF3-ACD5EF7E9B7D}.Release|x64.ActiveCfg = Release|iPhone
		{3A52AB90-C973-47D8-BEF3-ACD5EF7E9B7D}.Release|x86.ActiveCfg = Release|iPhone
		{7EC018D1-C165-40DA-906D-8AAE73D6D9D4}.Ad-Hoc|Any CPU.ActiveCfg = Release|x86
		{7EC018D1-C165-40DA-906D-8AAE73D6D9D4}.Ad-Hoc|Any CPU.Build.0 = Release|x86
		{7EC018D1-C165-40DA-906D-8AAE73D6D9D4}.Ad-Hoc|Any CPU.Deploy.0 = Release|x86
		{7EC018D1-C165-40DA-906D-8AAE73D6D9D4}.Ad-Hoc|ARM.ActiveCfg = Release|ARM
		{7EC018D1-C165-40DA-906D-8AAE73D6D9D4}.Ad-Hoc|ARM.Build.0 = Release|ARM
		{7EC018D1-C165-40DA-906D-8AAE73D6D9D4}.Ad-Hoc|ARM.Deploy.0 = Release|ARM
		{7EC018D1-C165-40DA-906D-8AAE73D6D9D4}.Ad-Hoc|iPhone.ActiveCfg = Release|x86
		{7EC018D1-C165-40DA-906D-8AAE73D6D9D4}.Ad-Hoc|iPhone.Build.0 = Release|x86
		{7EC018D1-C165-40DA-906D-8AAE73D6D9D4}.Ad-Hoc|iPhone.Deploy.0 = Release|x86
		{7EC018D1-C165-40DA-906D-8AAE73D6D9D4}.Ad-Hoc|iPhoneSimulator.ActiveCfg = Release|x86
		{7EC018D1-C165-40DA-906D-8AAE73D6D9D4}.Ad-Hoc|iPhoneSimulator.Build.0 = Release|x86
		{7EC018D1-C165-40DA-906D-8AAE73D6D9D4}.Ad-Hoc|iPhoneSimulator.Deploy.0 = Release|x86
		{7EC018D1-C165-40DA-906D-8AAE73D6D9D4}.Ad-Hoc|x64.ActiveCfg = Release|x64
		{7EC018D1-C165-40DA-906D-8AAE73D6D9D4}.Ad-Hoc|x64.Build.0 = Release|x64
		{7EC018D1-C165-40DA-906D-8AAE73D6D9D4}.Ad-Hoc|x64.Deploy.0 = Release|x64
		{7EC018D1-C165-40DA-906D-8AAE73D6D9D4}.Ad-Hoc|x86.ActiveCfg = Release|x86
		{7EC018D1-C165-40DA-906D-8AAE73D6D9D4}.Ad-Hoc|x86.Build.0 = Release|x86
		{7EC018D1-C165-40DA-906D-8AAE73D6D9D4}.Ad-Hoc|x86.Deploy.0 = Release|x86
		{7EC018D1-C165-40DA-906D-8AAE73D6D9D4}.AppStore|Any CPU.ActiveCfg = Release|x86
		{7EC018D1-C165-40DA-906D-8AAE73D6D9D4}.AppStore|Any CPU.Build.0 = Release|x86
		{7EC018D1-C165-40DA-906D-8AAE73D6D9D4}.AppStore|Any CPU.Deploy.0 = Release|x86
		{7EC018D1-C165-40DA-906D-8AAE73D6D9D4}.AppStore|ARM.ActiveCfg = Release|ARM
		{7EC018D1-C165-40DA-906D-8AAE73D6D9D4}.AppStore|ARM.Build.0 = Release|ARM
		{7EC018D1-C165-40DA-906D-8AAE73D6D9D4}.AppStore|ARM.Deploy.0 = Release|ARM
		{7EC018D1-C165-40DA-906D-8AAE73D6D9D4}.AppStore|iPhone.ActiveCfg = Release|x86
		{7EC018D1-C165-40DA-906D-8AAE73D6D9D4}.AppStore|iPhone.Build.0 = Release|x86
		{7EC018D1-C165-40DA-906D-8AAE73D6D9D4}.AppStore|iPhone.Deploy.0 = Release|x86
		{7EC018D1-C165-40DA-906D-8AAE73D6D9D4}.AppStore|iPhoneSimulator.ActiveCfg = Release|x86
		{7EC018D1-C165-40DA-906D-8AAE73D6D9D4}.AppStore|iPhoneSimulator.Build.0 = Release|x86
		{7EC018D1-C165-40DA-906D-8AAE73D6D9D4}.AppStore|iPhoneSimulator.Deploy.0 = Release|x86
		{7EC018D1-C165-40DA-906D-8AAE73D6D9D4}.AppStore|x64.ActiveCfg = Release|x64
		{7EC018D1-C165-40DA-906D-8AAE73D6D9D4}.AppStore|x64.Build.0 = Release|x64
		{7EC018D1-C165-40DA-906D-8AAE73D6D9D4}.AppStore|x64.Deploy.0 = Release|x64
		{7EC018D1-C165-40DA-906D-8AAE73D6D9D4}.AppStore|x86.ActiveCfg = Release|x86
		{7EC018D1-C165-40DA-906D-8AAE73D6D9D4}.AppStore|x86.Build.0 = Release|x86
		{7EC018D1-C165-40DA-906D-8AAE73D6D9D4}.AppStore|x86.Deploy.0 = Release|x86
		{7EC018D1-C165-40DA-906D-8AAE73D6D9D4}.Debug|Any CPU.ActiveCfg = Debug|x86
		{7EC018D1-C165-40DA-906D-8AAE73D6D9D4}.Debug|ARM.ActiveCfg = Debug|ARM
		{7EC018D1-C165-40DA-906D-8AAE73D6D9D4}.Debug|ARM.Build.0 = Debug|ARM
		{7EC018D1-C165-40DA-906D-8AAE73D6D9D4}.Debug|ARM.Deploy.0 = Debug|ARM
		{7EC018D1-C165-40DA-906D-8AAE73D6D9D4}.Debug|iPhone.ActiveCfg = Debug|x86
		{7EC018D1-C165-40DA-906D-8AAE73D6D9D4}.Debug|iPhoneSimulator.ActiveCfg = Debug|x86
		{7EC018D1-C165-40DA-906D-8AAE73D6D9D4}.Debug|x64.ActiveCfg = Debug|x64
		{7EC018D1-C165-40DA-906D-8AAE73D6D9D4}.Debug|x64.Build.0 = Debug|x64
		{7EC018D1-C165-40DA-906D-8AAE73D6D9D4}.Debug|x64.Deploy.0 = Debug|x64
		{7EC018D1-C165-40DA-906D-8AAE73D6D9D4}.Debug|x86.ActiveCfg = Debug|x86
		{7EC018D1-C165-40DA-906D-8AAE73D6D9D4}.Debug|x86.Build.0 = Debug|x86
		{7EC018D1-C165-40DA-906D-8AAE73D6D9D4}.Debug|x86.Deploy.0 = Debug|x86
		{7EC018D1-C165-40DA-906D-8AAE73D6D9D4}.Release|Any CPU.ActiveCfg = Release|x86
		{7EC018D1-C165-40DA-906D-8AAE73D6D9D4}.Release|ARM.ActiveCfg = Release|ARM
		{7EC018D1-C165-40DA-906D-8AAE73D6D9D4}.Release|ARM.Build.0 = Release|ARM
		{7EC018D1-C165-40DA-906D-8AAE73D6D9D4}.Release|ARM.Deploy.0 = Release|ARM
		{7EC018D1-C165-40DA-906D-8AAE73D6D9D4}.Release|iPhone.ActiveCfg = Release|x86
		{7EC018D1-C165-40DA-906D-8AAE73D6D9D4}.Release|iPhoneSimulator.ActiveCfg = Release|x86
		{7EC018D1-C165-40DA-906D-8AAE73D6D9D4}.Release|x64.ActiveCfg = Release|x64
		{7EC018D1-C165-40DA-906D-8AAE73D6D9D4}.Release|x64.Build.0 = Release|x64
		{7EC018D1-C165-40DA-906D-8AAE73D6D9D4}.Release|x64.Deploy.0 = Release|x64
		{7EC018D1-C165-40DA-906D-8AAE73D6D9D4}.Release|x86.ActiveCfg = Release|x86
		{7EC018D1-C165-40DA-906D-8AAE73D6D9D4}.Release|x86.Build.0 = Release|x86
		{7EC018D1-C165-40DA-906D-8AAE73D6D9D4}.Release|x86.Deploy.0 = Release|x86
		{A50DFF08-8B68-4E92-812A-50DDE63BA6A2}.Ad-Hoc|Any CPU.ActiveCfg = Debug|Any CPU
		{A50DFF08-8B68-4E92-812A-50DDE63BA6A2}.Ad-Hoc|Any CPU.Build.0 = Debug|Any CPU
		{A50DFF08-8B68-4E92-812A-50DDE63BA6A2}.Ad-Hoc|ARM.ActiveCfg = Debug|Any CPU
		{A50DFF08-8B68-4E92-812A-50DDE63BA6A2}.Ad-Hoc|ARM.Build.0 = Debug|Any CPU
		{A50DFF08-8B68-4E92-812A-50DDE63BA6A2}.Ad-Hoc|iPhone.ActiveCfg = Debug|Any CPU
		{A50DFF08-8B68-4E92-812A-50DDE63BA6A2}.Ad-Hoc|iPhone.Build.0 = Debug|Any CPU
		{A50DFF08-8B68-4E92-812A-50DDE63BA6A2}.Ad-Hoc|iPhoneSimulator.ActiveCfg = Debug|Any CPU
		{A50DFF08-8B68-4E92-812A-50DDE63BA6A2}.Ad-Hoc|iPhoneSimulator.Build.0 = Debug|Any CPU
		{A50DFF08-8B68-4E92-812A-50DDE63BA6A2}.Ad-Hoc|x64.ActiveCfg = Debug|Any CPU
		{A50DFF08-8B68-4E92-812A-50DDE63BA6A2}.Ad-Hoc|x64.Build.0 = Debug|Any CPU
		{A50DFF08-8B68-4E92-812A-50DDE63BA6A2}.Ad-Hoc|x86.ActiveCfg = Debug|Any CPU
		{A50DFF08-8B68-4E92-812A-50DDE63BA6A2}.Ad-Hoc|x86.Build.0 = Debug|Any CPU
		{A50DFF08-8B68-4E92-812A-50DDE63BA6A2}.AppStore|Any CPU.ActiveCfg = Debug|Any CPU
		{A50DFF08-8B68-4E92-812A-50DDE63BA6A2}.AppStore|Any CPU.Build.0 = Debug|Any CPU
		{A50DFF08-8B68-4E92-812A-50DDE63BA6A2}.AppStore|ARM.ActiveCfg = Debug|Any CPU
		{A50DFF08-8B68-4E92-812A-50DDE63BA6A2}.AppStore|ARM.Build.0 = Debug|Any CPU
		{A50DFF08-8B68-4E92-812A-50DDE63BA6A2}.AppStore|iPhone.ActiveCfg = Debug|Any CPU
		{A50DFF08-8B68-4E92-812A-50DDE63BA6A2}.AppStore|iPhone.Build.0 = Debug|Any CPU
		{A50DFF08-8B68-4E92-812A-50DDE63BA6A2}.AppStore|iPhoneSimulator.ActiveCfg = Debug|Any CPU
		{A50DFF08-8B68-4E92-812A-50DDE63BA6A2}.AppStore|iPhoneSimulator.Build.0 = Debug|Any CPU
		{A50DFF08-8B68-4E92-812A-50DDE63BA6A2}.AppStore|x64.ActiveCfg = Debug|Any CPU
		{A50DFF08-8B68-4E92-812A-50DDE63BA6A2}.AppStore|x64.Build.0 = Debug|Any CPU
		{A50DFF08-8B68-4E92-812A-50DDE63BA6A2}.AppStore|x86.ActiveCfg = Debug|Any CPU
		{A50DFF08-8B68-4E92-812A-50DDE63BA6A2}.AppStore|x86.Build.0 = Debug|Any CPU
		{A50DFF08-8B68-4E92-812A-50DDE63BA6A2}.Debug|Any CPU.ActiveCfg = Debug|Any CPU
		{A50DFF08-8B68-4E92-812A-50DDE63BA6A2}.Debug|Any CPU.Build.0 = Debug|Any CPU
		{A50DFF08-8B68-4E92-812A-50DDE63BA6A2}.Debug|ARM.ActiveCfg = Debug|Any CPU
		{A50DFF08-8B68-4E92-812A-50DDE63BA6A2}.Debug|ARM.Build.0 = Debug|Any CPU
		{A50DFF08-8B68-4E92-812A-50DDE63BA6A2}.Debug|iPhone.ActiveCfg = Debug|Any CPU
		{A50DFF08-8B68-4E92-812A-50DDE63BA6A2}.Debug|iPhone.Build.0 = Debug|Any CPU
		{A50DFF08-8B68-4E92-812A-50DDE63BA6A2}.Debug|iPhoneSimulator.ActiveCfg = Debug|Any CPU
		{A50DFF08-8B68-4E92-812A-50DDE63BA6A2}.Debug|iPhoneSimulator.Build.0 = Debug|Any CPU
		{A50DFF08-8B68-4E92-812A-50DDE63BA6A2}.Debug|x64.ActiveCfg = Debug|Any CPU
		{A50DFF08-8B68-4E92-812A-50DDE63BA6A2}.Debug|x64.Build.0 = Debug|Any CPU
		{A50DFF08-8B68-4E92-812A-50DDE63BA6A2}.Debug|x86.ActiveCfg = Debug|Any CPU
		{A50DFF08-8B68-4E92-812A-50DDE63BA6A2}.Debug|x86.Build.0 = Debug|Any CPU
		{A50DFF08-8B68-4E92-812A-50DDE63BA6A2}.Release|Any CPU.ActiveCfg = Release|Any CPU
		{A50DFF08-8B68-4E92-812A-50DDE63BA6A2}.Release|Any CPU.Build.0 = Release|Any CPU
		{A50DFF08-8B68-4E92-812A-50DDE63BA6A2}.Release|ARM.ActiveCfg = Release|Any CPU
		{A50DFF08-8B68-4E92-812A-50DDE63BA6A2}.Release|ARM.Build.0 = Release|Any CPU
		{A50DFF08-8B68-4E92-812A-50DDE63BA6A2}.Release|iPhone.ActiveCfg = Release|Any CPU
		{A50DFF08-8B68-4E92-812A-50DDE63BA6A2}.Release|iPhone.Build.0 = Release|Any CPU
		{A50DFF08-8B68-4E92-812A-50DDE63BA6A2}.Release|iPhoneSimulator.ActiveCfg = Release|Any CPU
		{A50DFF08-8B68-4E92-812A-50DDE63BA6A2}.Release|iPhoneSimulator.Build.0 = Release|Any CPU
		{A50DFF08-8B68-4E92-812A-50DDE63BA6A2}.Release|x64.ActiveCfg = Release|Any CPU
		{A50DFF08-8B68-4E92-812A-50DDE63BA6A2}.Release|x64.Build.0 = Release|Any CPU
		{A50DFF08-8B68-4E92-812A-50DDE63BA6A2}.Release|x86.ActiveCfg = Release|Any CPU
		{A50DFF08-8B68-4E92-812A-50DDE63BA6A2}.Release|x86.Build.0 = Release|Any CPU
	EndGlobalSection
	GlobalSection(SolutionProperties) = preSolution
		HideSolutionNode = FALSE
	EndGlobalSection
	GlobalSection(ExtensibilityGlobals) = postSolution
		SolutionGuid = {50487CA7-6CA8-4762-A8B2-BFA9AABF3E4D}
	EndGlobalSection
EndGlobal
