
Microsoft Visual Studio Solution File, Format Version 12.00
# Visual Studio 15
VisualStudioVersion = 15.0.28010.2041
MinimumVisualStudioVersion = 10.0.40219.1
Project("{FAE04EC0-301F-11D3-BF4B-00C04F79EFBC}") = "WhatsNew.Android", "WhatsNew\WhatsNew.Android\WhatsNew.Android.csproj", "{F4BA3FFB-DBA5-4B9F-A484-E88DF4C71310}"
EndProject
Project("{FAE04EC0-301F-11D3-BF4B-00C04F79EFBC}") = "WhatsNew.iOS", "WhatsNew\WhatsNew.iOS\WhatsNew.iOS.csproj", "{617CBEEA-1226-4E51-9428-01D7C3849CD0}"
EndProject
Project("{FAE04EC0-301F-11D3-BF4B-00C04F79EFBC}") = "WhatsNew.UWP", "WhatsNew\WhatsNew.UWP\WhatsNew.UWP.csproj", "{829E8C78-5B29-4B38-BB21-FD40E156E9E9}"
EndProject
Project("{9A19103F-16F7-4668-BE54-9A1E7A4F7556}") = "WhatsNew", "WhatsNew\WhatsNew\WhatsNew.csproj", "{8D596196-072D-42AD-A3D4-B439C32E5CE3}"
EndProject
Global
	GlobalSection(SolutionConfigurationPlatforms) = preSolution
		Ad-Hoc|Any CPU = Ad-Hoc|Any CPU
		Ad-Hoc|ARM = Ad-Hoc|ARM
		Ad-Hoc|iPhone = Ad-Hoc|iPhone
		Ad-Hoc|iPhoneSimulator = Ad-Hoc|iPhoneSimulator
		Ad-Hoc|x64 = Ad-Hoc|x64
		Ad-Hoc|x86 = Ad-Hoc|x86
		AppStore|Any CPU = AppStore|Any CPU
		AppStore|ARM = AppStore|ARM
		AppStore|iPhone = AppStore|iPhone
		AppStore|iPhoneSimulator = AppStore|iPhoneSimulator
		AppStore|x64 = AppStore|x64
		AppStore|x86 = AppStore|x86
		Debug|Any CPU = Debug|Any CPU
		Debug|ARM = Debug|ARM
		Debug|iPhone = Debug|iPhone
		Debug|iPhoneSimulator = Debug|iPhoneSimulator
		Debug|x64 = Debug|x64
		Debug|x86 = Debug|x86
		Release|Any CPU = Release|Any CPU
		Release|ARM = Release|ARM
		Release|iPhone = Release|iPhone
		Release|iPhoneSimulator = Release|iPhoneSimulator
		Release|x64 = Release|x64
		Release|x86 = Release|x86
	EndGlobalSection
	GlobalSection(ProjectConfigurationPlatforms) = postSolution
		{F4BA3FFB-DBA5-4B9F-A484-E88DF4C71310}.Ad-Hoc|Any CPU.ActiveCfg = Release|Any CPU
		{F4BA3FFB-DBA5-4B9F-A484-E88DF4C71310}.Ad-Hoc|Any CPU.Build.0 = Release|Any CPU
		{F4BA3FFB-DBA5-4B9F-A484-E88DF4C71310}.Ad-Hoc|Any CPU.Deploy.0 = Release|Any CPU
		{F4BA3FFB-DBA5-4B9F-A484-E88DF4C71310}.Ad-Hoc|ARM.ActiveCfg = Release|Any CPU
		{F4BA3FFB-DBA5-4B9F-A484-E88DF4C71310}.Ad-Hoc|ARM.Build.0 = Release|Any CPU
		{F4BA3FFB-DBA5-4B9F-A484-E88DF4C71310}.Ad-Hoc|ARM.Deploy.0 = Release|Any CPU
		{F4BA3FFB-DBA5-4B9F-A484-E88DF4C71310}.Ad-Hoc|iPhone.ActiveCfg = Release|Any CPU
		{F4BA3FFB-DBA5-4B9F-A484-E88DF4C71310}.Ad-Hoc|iPhone.Build.0 = Release|Any CPU
		{F4BA3FFB-DBA5-4B9F-A484-E88DF4C71310}.Ad-Hoc|iPhone.Deploy.0 = Release|Any CPU
		{F4BA3FFB-DBA5-4B9F-A484-E88DF4C71310}.Ad-Hoc|iPhoneSimulator.ActiveCfg = Release|Any CPU
		{F4BA3FFB-DBA5-4B9F-A484-E88DF4C71310}.Ad-Hoc|iPhoneSimulator.Build.0 = Release|Any CPU
		{F4BA3FFB-DBA5-4B9F-A484-E88DF4C71310}.Ad-Hoc|iPhoneSimulator.Deploy.0 = Release|Any CPU
		{F4BA3FFB-DBA5-4B9F-A484-E88DF4C71310}.Ad-Hoc|x64.ActiveCfg = Release|Any CPU
		{F4BA3FFB-DBA5-4B9F-A484-E88DF4C71310}.Ad-Hoc|x64.Build.0 = Release|Any CPU
		{F4BA3FFB-DBA5-4B9F-A484-E88DF4C71310}.Ad-Hoc|x64.Deploy.0 = Release|Any CPU
		{F4BA3FFB-DBA5-4B9F-A484-E88DF4C71310}.Ad-Hoc|x86.ActiveCfg = Release|Any CPU
		{F4BA3FFB-DBA5-4B9F-A484-E88DF4C71310}.Ad-Hoc|x86.Build.0 = Release|Any CPU
		{F4BA3FFB-DBA5-4B9F-A484-E88DF4C71310}.Ad-Hoc|x86.Deploy.0 = Release|Any CPU
		{F4BA3FFB-DBA5-4B9F-A484-E88DF4C71310}.AppStore|Any CPU.ActiveCfg = Release|Any CPU
		{F4BA3FFB-DBA5-4B9F-A484-E88DF4C71310}.AppStore|Any CPU.Build.0 = Release|Any CPU
		{F4BA3FFB-DBA5-4B9F-A484-E88DF4C71310}.AppStore|Any CPU.Deploy.0 = Release|Any CPU
		{F4BA3FFB-DBA5-4B9F-A484-E88DF4C71310}.AppStore|ARM.ActiveCfg = Release|Any CPU
		{F4BA3FFB-DBA5-4B9F-A484-E88DF4C71310}.AppStore|ARM.Build.0 = Release|Any CPU
		{F4BA3FFB-DBA5-4B9F-A484-E88DF4C71310}.AppStore|ARM.Deploy.0 = Release|Any CPU
		{F4BA3FFB-DBA5-4B9F-A484-E88DF4C71310}.AppStore|iPhone.ActiveCfg = Release|Any CPU
		{F4BA3FFB-DBA5-4B9F-A484-E88DF4C71310}.AppStore|iPhone.Build.0 = Release|Any CPU
		{F4BA3FFB-DBA5-4B9F-A484-E88DF4C71310}.AppStore|iPhone.Deploy.0 = Release|Any CPU
		{F4BA3FFB-DBA5-4B9F-A484-E88DF4C71310}.AppStore|iPhoneSimulator.ActiveCfg = Release|Any CPU
		{F4BA3FFB-DBA5-4B9F-A484-E88DF4C71310}.AppStore|iPhoneSimulator.Build.0 = Release|Any CPU
		{F4BA3FFB-DBA5-4B9F-A484-E88DF4C71310}.AppStore|iPhoneSimulator.Deploy.0 = Release|Any CPU
		{F4BA3FFB-DBA5-4B9F-A484-E88DF4C71310}.AppStore|x64.ActiveCfg = Release|Any CPU
		{F4BA3FFB-DBA5-4B9F-A484-E88DF4C71310}.AppStore|x64.Build.0 = Release|Any CPU
		{F4BA3FFB-DBA5-4B9F-A484-E88DF4C71310}.AppStore|x64.Deploy.0 = Release|Any CPU
		{F4BA3FFB-DBA5-4B9F-A484-E88DF4C71310}.AppStore|x86.ActiveCfg = Release|Any CPU
		{F4BA3FFB-DBA5-4B9F-A484-E88DF4C71310}.AppStore|x86.Build.0 = Release|Any CPU
		{F4BA3FFB-DBA5-4B9F-A484-E88DF4C71310}.AppStore|x86.Deploy.0 = Release|Any CPU
		{F4BA3FFB-DBA5-4B9F-A484-E88DF4C71310}.Debug|Any CPU.ActiveCfg = Debug|Any CPU
		{F4BA3FFB-DBA5-4B9F-A484-E88DF4C71310}.Debug|Any CPU.Build.0 = Debug|Any CPU
		{F4BA3FFB-DBA5-4B9F-A484-E88DF4C71310}.Debug|Any CPU.Deploy.0 = Debug|Any CPU
		{F4BA3FFB-DBA5-4B9F-A484-E88DF4C71310}.Debug|ARM.ActiveCfg = Debug|Any CPU
		{F4BA3FFB-DBA5-4B9F-A484-E88DF4C71310}.Debug|ARM.Build.0 = Debug|Any CPU
		{F4BA3FFB-DBA5-4B9F-A484-E88DF4C71310}.Debug|ARM.Deploy.0 = Debug|Any CPU
		{F4BA3FFB-DBA5-4B9F-A484-E88DF4C71310}.Debug|iPhone.ActiveCfg = Debug|Any CPU
		{F4BA3FFB-DBA5-4B9F-A484-E88DF4C71310}.Debug|iPhone.Build.0 = Debug|Any CPU
		{F4BA3FFB-DBA5-4B9F-A484-E88DF4C71310}.Debug|iPhone.Deploy.0 = Debug|Any CPU
		{F4BA3FFB-DBA5-4B9F-A484-E88DF4C71310}.Debug|iPhoneSimulator.ActiveCfg = Debug|Any CPU
		{F4BA3FFB-DBA5-4B9F-A484-E88DF4C71310}.Debug|iPhoneSimulator.Build.0 = Debug|Any CPU
		{F4BA3FFB-DBA5-4B9F-A484-E88DF4C71310}.Debug|iPhoneSimulator.Deploy.0 = Debug|Any CPU
		{F4BA3FFB-DBA5-4B9F-A484-E88DF4C71310}.Debug|x64.ActiveCfg = Debug|Any CPU
		{F4BA3FFB-DBA5-4B9F-A484-E88DF4C71310}.Debug|x64.Build.0 = Debug|Any CPU
		{F4BA3FFB-DBA5-4B9F-A484-E88DF4C71310}.Debug|x64.Deploy.0 = Debug|Any CPU
		{F4BA3FFB-DBA5-4B9F-A484-E88DF4C71310}.Debug|x86.ActiveCfg = Debug|Any CPU
		{F4BA3FFB-DBA5-4B9F-A484-E88DF4C71310}.Debug|x86.Build.0 = Debug|Any CPU
		{F4BA3FFB-DBA5-4B9F-A484-E88DF4C71310}.Debug|x86.Deploy.0 = Debug|Any CPU
		{F4BA3FFB-DBA5-4B9F-A484-E88DF4C71310}.Release|Any CPU.ActiveCfg = Release|Any CPU
		{F4BA3FFB-DBA5-4B9F-A484-E88DF4C71310}.Release|Any CPU.Build.0 = Release|Any CPU
		{F4BA3FFB-DBA5-4B9F-A484-E88DF4C71310}.Release|Any CPU.Deploy.0 = Release|Any CPU
		{F4BA3FFB-DBA5-4B9F-A484-E88DF4C71310}.Release|ARM.ActiveCfg = Release|Any CPU
		{F4BA3FFB-DBA5-4B9F-A484-E88DF4C71310}.Release|ARM.Build.0 = Release|Any CPU
		{F4BA3FFB-DBA5-4B9F-A484-E88DF4C71310}.Release|ARM.Deploy.0 = Release|Any CPU
		{F4BA3FFB-DBA5-4B9F-A484-E88DF4C71310}.Release|iPhone.ActiveCfg = Release|Any CPU
		{F4BA3FFB-DBA5-4B9F-A484-E88DF4C71310}.Release|iPhone.Build.0 = Release|Any CPU
		{F4BA3FFB-DBA5-4B9F-A484-E88DF4C71310}.Release|iPhone.Deploy.0 = Release|Any CPU
		{F4BA3FFB-DBA5-4B9F-A484-E88DF4C71310}.Release|iPhoneSimulator.ActiveCfg = Release|Any CPU
		{F4BA3FFB-DBA5-4B9F-A484-E88DF4C71310}.Release|iPhoneSimulator.Build.0 = Release|Any CPU
		{F4BA3FFB-DBA5-4B9F-A484-E88DF4C71310}.Release|iPhoneSimulator.Deploy.0 = Release|Any CPU
		{F4BA3FFB-DBA5-4B9F-A484-E88DF4C71310}.Release|x64.ActiveCfg = Release|Any CPU
		{F4BA3FFB-DBA5-4B9F-A484-E88DF4C71310}.Release|x64.Build.0 = Release|Any CPU
		{F4BA3FFB-DBA5-4B9F-A484-E88DF4C71310}.Release|x64.Deploy.0 = Release|Any CPU
		{F4BA3FFB-DBA5-4B9F-A484-E88DF4C71310}.Release|x86.ActiveCfg = Release|Any CPU
		{F4BA3FFB-DBA5-4B9F-A484-E88DF4C71310}.Release|x86.Build.0 = Release|Any CPU
		{F4BA3FFB-DBA5-4B9F-A484-E88DF4C71310}.Release|x86.Deploy.0 = Release|Any CPU
		{617CBEEA-1226-4E51-9428-01D7C3849CD0}.Ad-Hoc|Any CPU.ActiveCfg = Ad-Hoc|iPhone
		{617CBEEA-1226-4E51-9428-01D7C3849CD0}.Ad-Hoc|Any CPU.Build.0 = Ad-Hoc|iPhone
		{617CBEEA-1226-4E51-9428-01D7C3849CD0}.Ad-Hoc|Any CPU.Deploy.0 = Ad-Hoc|iPhone
		{617CBEEA-1226-4E51-9428-01D7C3849CD0}.Ad-Hoc|ARM.ActiveCfg = Ad-Hoc|iPhone
		{617CBEEA-1226-4E51-9428-01D7C3849CD0}.Ad-Hoc|ARM.Build.0 = Ad-Hoc|iPhone
		{617CBEEA-1226-4E51-9428-01D7C3849CD0}.Ad-Hoc|ARM.Deploy.0 = Ad-Hoc|iPhone
		{617CBEEA-1226-4E51-9428-01D7C3849CD0}.Ad-Hoc|iPhone.ActiveCfg = Ad-Hoc|iPhone
		{617CBEEA-1226-4E51-9428-01D7C3849CD0}.Ad-Hoc|iPhone.Build.0 = Ad-Hoc|iPhone
		{617CBEEA-1226-4E51-9428-01D7C3849CD0}.Ad-Hoc|iPhone.Deploy.0 = Ad-Hoc|iPhone
		{617CBEEA-1226-4E51-9428-01D7C3849CD0}.Ad-Hoc|iPhoneSimulator.ActiveCfg = Ad-Hoc|iPhoneSimulator
		{617CBEEA-1226-4E51-9428-01D7C3849CD0}.Ad-Hoc|iPhoneSimulator.Build.0 = Ad-Hoc|iPhoneSimulator
		{617CBEEA-1226-4E51-9428-01D7C3849CD0}.Ad-Hoc|iPhoneSimulator.Deploy.0 = Ad-Hoc|iPhoneSimulator
		{617CBEEA-1226-4E51-9428-01D7C3849CD0}.Ad-Hoc|x64.ActiveCfg = Ad-Hoc|iPhone
		{617CBEEA-1226-4E51-9428-01D7C3849CD0}.Ad-Hoc|x64.Build.0 = Ad-Hoc|iPhone
		{617CBEEA-1226-4E51-9428-01D7C3849CD0}.Ad-Hoc|x64.Deploy.0 = Ad-Hoc|iPhone
		{617CBEEA-1226-4E51-9428-01D7C3849CD0}.Ad-Hoc|x86.ActiveCfg = Ad-Hoc|iPhone
		{617CBEEA-1226-4E51-9428-01D7C3849CD0}.Ad-Hoc|x86.Build.0 = Ad-Hoc|iPhone
		{617CBEEA-1226-4E51-9428-01D7C3849CD0}.Ad-Hoc|x86.Deploy.0 = Ad-Hoc|iPhone
		{617CBEEA-1226-4E51-9428-01D7C3849CD0}.AppStore|Any CPU.ActiveCfg = AppStore|iPhone
		{617CBEEA-1226-4E51-9428-01D7C3849CD0}.AppStore|Any CPU.Build.0 = AppStore|iPhone
		{617CBEEA-1226-4E51-9428-01D7C3849CD0}.AppStore|Any CPU.Deploy.0 = AppStore|iPhone
		{617CBEEA-1226-4E51-9428-01D7C3849CD0}.AppStore|ARM.ActiveCfg = AppStore|iPhone
		{617CBEEA-1226-4E51-9428-01D7C3849CD0}.AppStore|ARM.Build.0 = AppStore|iPhone
		{617CBEEA-1226-4E51-9428-01D7C3849CD0}.AppStore|ARM.Deploy.0 = AppStore|iPhone
		{617CBEEA-1226-4E51-9428-01D7C3849CD0}.AppStore|iPhone.ActiveCfg = AppStore|iPhone
		{617CBEEA-1226-4E51-9428-01D7C3849CD0}.AppStore|iPhone.Build.0 = AppStore|iPhone
		{617CBEEA-1226-4E51-9428-01D7C3849CD0}.AppStore|iPhone.Deploy.0 = AppStore|iPhone
		{617CBEEA-1226-4E51-9428-01D7C3849CD0}.AppStore|iPhoneSimulator.ActiveCfg = AppStore|iPhoneSimulator
		{617CBEEA-1226-4E51-9428-01D7C3849CD0}.AppStore|iPhoneSimulator.Build.0 = AppStore|iPhoneSimulator
		{617CBEEA-1226-4E51-9428-01D7C3849CD0}.AppStore|iPhoneSimulator.Deploy.0 = AppStore|iPhoneSimulator
		{617CBEEA-1226-4E51-9428-01D7C3849CD0}.AppStore|x64.ActiveCfg = AppStore|iPhone
		{617CBEEA-1226-4E51-9428-01D7C3849CD0}.AppStore|x64.Build.0 = AppStore|iPhone
		{617CBEEA-1226-4E51-9428-01D7C3849CD0}.AppStore|x64.Deploy.0 = AppStore|iPhone
		{617CBEEA-1226-4E51-9428-01D7C3849CD0}.AppStore|x86.ActiveCfg = AppStore|iPhone
		{617CBEEA-1226-4E51-9428-01D7C3849CD0}.AppStore|x86.Build.0 = AppStore|iPhone
		{617CBEEA-1226-4E51-9428-01D7C3849CD0}.AppStore|x86.Deploy.0 = AppStore|iPhone
		{617CBEEA-1226-4E51-9428-01D7C3849CD0}.Debug|Any CPU.ActiveCfg = Debug|iPhoneSimulator
		{617CBEEA-1226-4E51-9428-01D7C3849CD0}.Debug|Any CPU.Build.0 = Debug|iPhoneSimulator
		{617CBEEA-1226-4E51-9428-01D7C3849CD0}.Debug|Any CPU.Deploy.0 = Debug|iPhoneSimulator
		{617CBEEA-1226-4E51-9428-01D7C3849CD0}.Debug|ARM.ActiveCfg = Debug|iPhone
		{617CBEEA-1226-4E51-9428-01D7C3849CD0}.Debug|ARM.Build.0 = Debug|iPhone
		{617CBEEA-1226-4E51-9428-01D7C3849CD0}.Debug|ARM.Deploy.0 = Debug|iPhone
		{617CBEEA-1226-4E51-9428-01D7C3849CD0}.Debug|iPhone.ActiveCfg = Debug|iPhone
		{617CBEEA-1226-4E51-9428-01D7C3849CD0}.Debug|iPhone.Build.0 = Debug|iPhone
		{617CBEEA-1226-4E51-9428-01D7C3849CD0}.Debug|iPhone.Deploy.0 = Debug|iPhone
		{617CBEEA-1226-4E51-9428-01D7C3849CD0}.Debug|iPhoneSimulator.ActiveCfg = Debug|iPhoneSimulator
		{617CBEEA-1226-4E51-9428-01D7C3849CD0}.Debug|iPhoneSimulator.Build.0 = Debug|iPhoneSimulator
		{617CBEEA-1226-4E51-9428-01D7C3849CD0}.Debug|iPhoneSimulator.Deploy.0 = Debug|iPhoneSimulator
		{617CBEEA-1226-4E51-9428-01D7C3849CD0}.Debug|x64.ActiveCfg = Debug|iPhone
		{617CBEEA-1226-4E51-9428-01D7C3849CD0}.Debug|x64.Build.0 = Debug|iPhone
		{617CBEEA-1226-4E51-9428-01D7C3849CD0}.Debug|x64.Deploy.0 = Debug|iPhone
		{617CBEEA-1226-4E51-9428-01D7C3849CD0}.Debug|x86.ActiveCfg = Debug|iPhone
		{617CBEEA-1226-4E51-9428-01D7C3849CD0}.Debug|x86.Build.0 = Debug|iPhone
		{617CBEEA-1226-4E51-9428-01D7C3849CD0}.Debug|x86.Deploy.0 = Debug|iPhone
		{617CBEEA-1226-4E51-9428-01D7C3849CD0}.Release|Any CPU.ActiveCfg = Release|iPhone
		{617CBEEA-1226-4E51-9428-01D7C3849CD0}.Release|Any CPU.Build.0 = Release|iPhone
		{617CBEEA-1226-4E51-9428-01D7C3849CD0}.Release|Any CPU.Deploy.0 = Release|iPhone
		{617CBEEA-1226-4E51-9428-01D7C3849CD0}.Release|ARM.ActiveCfg = Release|iPhone
		{617CBEEA-1226-4E51-9428-01D7C3849CD0}.Release|ARM.Build.0 = Release|iPhone
		{617CBEEA-1226-4E51-9428-01D7C3849CD0}.Release|ARM.Deploy.0 = Release|iPhone
		{617CBEEA-1226-4E51-9428-01D7C3849CD0}.Release|iPhone.ActiveCfg = Release|iPhone
		{617CBEEA-1226-4E51-9428-01D7C3849CD0}.Release|iPhone.Build.0 = Release|iPhone
		{617CBEEA-1226-4E51-9428-01D7C3849CD0}.Release|iPhone.Deploy.0 = Release|iPhone
		{617CBEEA-1226-4E51-9428-01D7C3849CD0}.Release|iPhoneSimulator.ActiveCfg = Release|iPhoneSimulator
		{617CBEEA-1226-4E51-9428-01D7C3849CD0}.Release|iPhoneSimulator.Build.0 = Release|iPhoneSimulator
		{617CBEEA-1226-4E51-9428-01D7C3849CD0}.Release|iPhoneSimulator.Deploy.0 = Release|iPhoneSimulator
		{617CBEEA-1226-4E51-9428-01D7C3849CD0}.Release|x64.ActiveCfg = Release|iPhone
		{617CBEEA-1226-4E51-9428-01D7C3849CD0}.Release|x64.Build.0 = Release|iPhone
		{617CBEEA-1226-4E51-9428-01D7C3849CD0}.Release|x64.Deploy.0 = Release|iPhone
		{617CBEEA-1226-4E51-9428-01D7C3849CD0}.Release|x86.ActiveCfg = Release|iPhone
		{617CBEEA-1226-4E51-9428-01D7C3849CD0}.Release|x86.Build.0 = Release|iPhone
		{617CBEEA-1226-4E51-9428-01D7C3849CD0}.Release|x86.Deploy.0 = Release|iPhone
		{829E8C78-5B29-4B38-BB21-FD40E156E9E9}.Ad-Hoc|Any CPU.ActiveCfg = Release|x86
		{829E8C78-5B29-4B38-BB21-FD40E156E9E9}.Ad-Hoc|Any CPU.Build.0 = Release|x86
		{829E8C78-5B29-4B38-BB21-FD40E156E9E9}.Ad-Hoc|Any CPU.Deploy.0 = Release|x86
		{829E8C78-5B29-4B38-BB21-FD40E156E9E9}.Ad-Hoc|ARM.ActiveCfg = Release|ARM
		{829E8C78-5B29-4B38-BB21-FD40E156E9E9}.Ad-Hoc|ARM.Build.0 = Release|ARM
		{829E8C78-5B29-4B38-BB21-FD40E156E9E9}.Ad-Hoc|ARM.Deploy.0 = Release|ARM
		{829E8C78-5B29-4B38-BB21-FD40E156E9E9}.Ad-Hoc|iPhone.ActiveCfg = Release|x86
		{829E8C78-5B29-4B38-BB21-FD40E156E9E9}.Ad-Hoc|iPhone.Build.0 = Release|x86
		{829E8C78-5B29-4B38-BB21-FD40E156E9E9}.Ad-Hoc|iPhone.Deploy.0 = Release|x86
		{829E8C78-5B29-4B38-BB21-FD40E156E9E9}.Ad-Hoc|iPhoneSimulator.ActiveCfg = Release|x86
		{829E8C78-5B29-4B38-BB21-FD40E156E9E9}.Ad-Hoc|iPhoneSimulator.Build.0 = Release|x86
		{829E8C78-5B29-4B38-BB21-FD40E156E9E9}.Ad-Hoc|iPhoneSimulator.Deploy.0 = Release|x86
		{829E8C78-5B29-4B38-BB21-FD40E156E9E9}.Ad-Hoc|x64.ActiveCfg = Release|x64
		{829E8C78-5B29-4B38-BB21-FD40E156E9E9}.Ad-Hoc|x64.Build.0 = Release|x64
		{829E8C78-5B29-4B38-BB21-FD40E156E9E9}.Ad-Hoc|x64.Deploy.0 = Release|x64
		{829E8C78-5B29-4B38-BB21-FD40E156E9E9}.Ad-Hoc|x86.ActiveCfg = Release|x86
		{829E8C78-5B29-4B38-BB21-FD40E156E9E9}.Ad-Hoc|x86.Build.0 = Release|x86
		{829E8C78-5B29-4B38-BB21-FD40E156E9E9}.Ad-Hoc|x86.Deploy.0 = Release|x86
		{829E8C78-5B29-4B38-BB21-FD40E156E9E9}.AppStore|Any CPU.ActiveCfg = Release|x86
		{829E8C78-5B29-4B38-BB21-FD40E156E9E9}.AppStore|Any CPU.Build.0 = Release|x86
		{829E8C78-5B29-4B38-BB21-FD40E156E9E9}.AppStore|Any CPU.Deploy.0 = Release|x86
		{829E8C78-5B29-4B38-BB21-FD40E156E9E9}.AppStore|ARM.ActiveCfg = Release|ARM
		{829E8C78-5B29-4B38-BB21-FD40E156E9E9}.AppStore|ARM.Build.0 = Release|ARM
		{829E8C78-5B29-4B38-BB21-FD40E156E9E9}.AppStore|ARM.Deploy.0 = Release|ARM
		{829E8C78-5B29-4B38-BB21-FD40E156E9E9}.AppStore|iPhone.ActiveCfg = Release|x86
		{829E8C78-5B29-4B38-BB21-FD40E156E9E9}.AppStore|iPhone.Build.0 = Release|x86
		{829E8C78-5B29-4B38-BB21-FD40E156E9E9}.AppStore|iPhone.Deploy.0 = Release|x86
		{829E8C78-5B29-4B38-BB21-FD40E156E9E9}.AppStore|iPhoneSimulator.ActiveCfg = Release|x86
		{829E8C78-5B29-4B38-BB21-FD40E156E9E9}.AppStore|iPhoneSimulator.Build.0 = Release|x86
		{829E8C78-5B29-4B38-BB21-FD40E156E9E9}.AppStore|iPhoneSimulator.Deploy.0 = Release|x86
		{829E8C78-5B29-4B38-BB21-FD40E156E9E9}.AppStore|x64.ActiveCfg = Release|x64
		{829E8C78-5B29-4B38-BB21-FD40E156E9E9}.AppStore|x64.Build.0 = Release|x64
		{829E8C78-5B29-4B38-BB21-FD40E156E9E9}.AppStore|x64.Deploy.0 = Release|x64
		{829E8C78-5B29-4B38-BB21-FD40E156E9E9}.AppStore|x86.ActiveCfg = Release|x86
		{829E8C78-5B29-4B38-BB21-FD40E156E9E9}.AppStore|x86.Build.0 = Release|x86
		{829E8C78-5B29-4B38-BB21-FD40E156E9E9}.AppStore|x86.Deploy.0 = Release|x86
		{829E8C78-5B29-4B38-BB21-FD40E156E9E9}.Debug|Any CPU.ActiveCfg = Debug|x86
		{829E8C78-5B29-4B38-BB21-FD40E156E9E9}.Debug|Any CPU.Build.0 = Debug|x86
		{829E8C78-5B29-4B38-BB21-FD40E156E9E9}.Debug|Any CPU.Deploy.0 = Debug|x86
		{829E8C78-5B29-4B38-BB21-FD40E156E9E9}.Debug|ARM.ActiveCfg = Debug|ARM
		{829E8C78-5B29-4B38-BB21-FD40E156E9E9}.Debug|ARM.Build.0 = Debug|ARM
		{829E8C78-5B29-4B38-BB21-FD40E156E9E9}.Debug|ARM.Deploy.0 = Debug|ARM
		{829E8C78-5B29-4B38-BB21-FD40E156E9E9}.Debug|iPhone.ActiveCfg = Debug|x86
		{829E8C78-5B29-4B38-BB21-FD40E156E9E9}.Debug|iPhone.Build.0 = Debug|x86
		{829E8C78-5B29-4B38-BB21-FD40E156E9E9}.Debug|iPhone.Deploy.0 = Debug|x86
		{829E8C78-5B29-4B38-BB21-FD40E156E9E9}.Debug|iPhoneSimulator.ActiveCfg = Debug|x86
		{829E8C78-5B29-4B38-BB21-FD40E156E9E9}.Debug|iPhoneSimulator.Build.0 = Debug|x86
		{829E8C78-5B29-4B38-BB21-FD40E156E9E9}.Debug|iPhoneSimulator.Deploy.0 = Debug|x86
		{829E8C78-5B29-4B38-BB21-FD40E156E9E9}.Debug|x64.ActiveCfg = Debug|x64
		{829E8C78-5B29-4B38-BB21-FD40E156E9E9}.Debug|x64.Build.0 = Debug|x64
		{829E8C78-5B29-4B38-BB21-FD40E156E9E9}.Debug|x64.Deploy.0 = Debug|x64
		{829E8C78-5B29-4B38-BB21-FD40E156E9E9}.Debug|x86.ActiveCfg = Debug|x86
		{829E8C78-5B29-4B38-BB21-FD40E156E9E9}.Debug|x86.Build.0 = Debug|x86
		{829E8C78-5B29-4B38-BB21-FD40E156E9E9}.Debug|x86.Deploy.0 = Debug|x86
		{829E8C78-5B29-4B38-BB21-FD40E156E9E9}.Release|Any CPU.ActiveCfg = Release|x86
		{829E8C78-5B29-4B38-BB21-FD40E156E9E9}.Release|Any CPU.Build.0 = Release|x86
		{829E8C78-5B29-4B38-BB21-FD40E156E9E9}.Release|Any CPU.Deploy.0 = Release|x86
		{829E8C78-5B29-4B38-BB21-FD40E156E9E9}.Release|ARM.ActiveCfg = Release|ARM
		{829E8C78-5B29-4B38-BB21-FD40E156E9E9}.Release|ARM.Build.0 = Release|ARM
		{829E8C78-5B29-4B38-BB21-FD40E156E9E9}.Release|ARM.Deploy.0 = Release|ARM
		{829E8C78-5B29-4B38-BB21-FD40E156E9E9}.Release|iPhone.ActiveCfg = Release|x86
		{829E8C78-5B29-4B38-BB21-FD40E156E9E9}.Release|iPhone.Build.0 = Release|x86
		{829E8C78-5B29-4B38-BB21-FD40E156E9E9}.Release|iPhone.Deploy.0 = Release|x86
		{829E8C78-5B29-4B38-BB21-FD40E156E9E9}.Release|iPhoneSimulator.ActiveCfg = Release|x86
		{829E8C78-5B29-4B38-BB21-FD40E156E9E9}.Release|iPhoneSimulator.Build.0 = Release|x86
		{829E8C78-5B29-4B38-BB21-FD40E156E9E9}.Release|iPhoneSimulator.Deploy.0 = Release|x86
		{829E8C78-5B29-4B38-BB21-FD40E156E9E9}.Release|x64.ActiveCfg = Release|x64
		{829E8C78-5B29-4B38-BB21-FD40E156E9E9}.Release|x64.Build.0 = Release|x64
		{829E8C78-5B29-4B38-BB21-FD40E156E9E9}.Release|x64.Deploy.0 = Release|x64
		{829E8C78-5B29-4B38-BB21-FD40E156E9E9}.Release|x86.ActiveCfg = Release|x86
		{829E8C78-5B29-4B38-BB21-FD40E156E9E9}.Release|x86.Build.0 = Release|x86
		{829E8C78-5B29-4B38-BB21-FD40E156E9E9}.Release|x86.Deploy.0 = Release|x86
		{8D596196-072D-42AD-A3D4-B439C32E5CE3}.Ad-Hoc|Any CPU.ActiveCfg = Debug|Any CPU
		{8D596196-072D-42AD-A3D4-B439C32E5CE3}.Ad-Hoc|Any CPU.Build.0 = Debug|Any CPU
		{8D596196-072D-42AD-A3D4-B439C32E5CE3}.Ad-Hoc|Any CPU.Deploy.0 = Debug|Any CPU
		{8D596196-072D-42AD-A3D4-B439C32E5CE3}.Ad-Hoc|ARM.ActiveCfg = Debug|Any CPU
		{8D596196-072D-42AD-A3D4-B439C32E5CE3}.Ad-Hoc|ARM.Build.0 = Debug|Any CPU
		{8D596196-072D-42AD-A3D4-B439C32E5CE3}.Ad-Hoc|ARM.Deploy.0 = Debug|Any CPU
		{8D596196-072D-42AD-A3D4-B439C32E5CE3}.Ad-Hoc|iPhone.ActiveCfg = Debug|Any CPU
		{8D596196-072D-42AD-A3D4-B439C32E5CE3}.Ad-Hoc|iPhone.Build.0 = Debug|Any CPU
		{8D596196-072D-42AD-A3D4-B439C32E5CE3}.Ad-Hoc|iPhone.Deploy.0 = Debug|Any CPU
		{8D596196-072D-42AD-A3D4-B439C32E5CE3}.Ad-Hoc|iPhoneSimulator.ActiveCfg = Debug|Any CPU
		{8D596196-072D-42AD-A3D4-B439C32E5CE3}.Ad-Hoc|iPhoneSimulator.Build.0 = Debug|Any CPU
		{8D596196-072D-42AD-A3D4-B439C32E5CE3}.Ad-Hoc|iPhoneSimulator.Deploy.0 = Debug|Any CPU
		{8D596196-072D-42AD-A3D4-B439C32E5CE3}.Ad-Hoc|x64.ActiveCfg = Debug|Any CPU
		{8D596196-072D-42AD-A3D4-B439C32E5CE3}.Ad-Hoc|x64.Build.0 = Debug|Any CPU
		{8D596196-072D-42AD-A3D4-B439C32E5CE3}.Ad-Hoc|x64.Deploy.0 = Debug|Any CPU
		{8D596196-072D-42AD-A3D4-B439C32E5CE3}.Ad-Hoc|x86.ActiveCfg = Debug|Any CPU
		{8D596196-072D-42AD-A3D4-B439C32E5CE3}.Ad-Hoc|x86.Build.0 = Debug|Any CPU
		{8D596196-072D-42AD-A3D4-B439C32E5CE3}.Ad-Hoc|x86.Deploy.0 = Debug|Any CPU
		{8D596196-072D-42AD-A3D4-B439C32E5CE3}.AppStore|Any CPU.ActiveCfg = Debug|Any CPU
		{8D596196-072D-42AD-A3D4-B439C32E5CE3}.AppStore|Any CPU.Build.0 = Debug|Any CPU
		{8D596196-072D-42AD-A3D4-B439C32E5CE3}.AppStore|Any CPU.Deploy.0 = Debug|Any CPU
		{8D596196-072D-42AD-A3D4-B439C32E5CE3}.AppStore|ARM.ActiveCfg = Debug|Any CPU
		{8D596196-072D-42AD-A3D4-B439C32E5CE3}.AppStore|ARM.Build.0 = Debug|Any CPU
		{8D596196-072D-42AD-A3D4-B439C32E5CE3}.AppStore|ARM.Deploy.0 = Debug|Any CPU
		{8D596196-072D-42AD-A3D4-B439C32E5CE3}.AppStore|iPhone.ActiveCfg = Debug|Any CPU
		{8D596196-072D-42AD-A3D4-B439C32E5CE3}.AppStore|iPhone.Build.0 = Debug|Any CPU
		{8D596196-072D-42AD-A3D4-B439C32E5CE3}.AppStore|iPhone.Deploy.0 = Debug|Any CPU
		{8D596196-072D-42AD-A3D4-B439C32E5CE3}.AppStore|iPhoneSimulator.ActiveCfg = Debug|Any CPU
		{8D596196-072D-42AD-A3D4-B439C32E5CE3}.AppStore|iPhoneSimulator.Build.0 = Debug|Any CPU
		{8D596196-072D-42AD-A3D4-B439C32E5CE3}.AppStore|iPhoneSimulator.Deploy.0 = Debug|Any CPU
		{8D596196-072D-42AD-A3D4-B439C32E5CE3}.AppStore|x64.ActiveCfg = Debug|Any CPU
		{8D596196-072D-42AD-A3D4-B439C32E5CE3}.AppStore|x64.Build.0 = Debug|Any CPU
		{8D596196-072D-42AD-A3D4-B439C32E5CE3}.AppStore|x64.Deploy.0 = Debug|Any CPU
		{8D596196-072D-42AD-A3D4-B439C32E5CE3}.AppStore|x86.ActiveCfg = Debug|Any CPU
		{8D596196-072D-42AD-A3D4-B439C32E5CE3}.AppStore|x86.Build.0 = Debug|Any CPU
		{8D596196-072D-42AD-A3D4-B439C32E5CE3}.AppStore|x86.Deploy.0 = Debug|Any CPU
		{8D596196-072D-42AD-A3D4-B439C32E5CE3}.Debug|Any CPU.ActiveCfg = Debug|Any CPU
		{8D596196-072D-42AD-A3D4-B439C32E5CE3}.Debug|Any CPU.Build.0 = Debug|Any CPU
		{8D596196-072D-42AD-A3D4-B439C32E5CE3}.Debug|Any CPU.Deploy.0 = Debug|Any CPU
		{8D596196-072D-42AD-A3D4-B439C32E5CE3}.Debug|ARM.ActiveCfg = Debug|Any CPU
		{8D596196-072D-42AD-A3D4-B439C32E5CE3}.Debug|ARM.Build.0 = Debug|Any CPU
		{8D596196-072D-42AD-A3D4-B439C32E5CE3}.Debug|ARM.Deploy.0 = Debug|Any CPU
		{8D596196-072D-42AD-A3D4-B439C32E5CE3}.Debug|iPhone.ActiveCfg = Debug|Any CPU
		{8D596196-072D-42AD-A3D4-B439C32E5CE3}.Debug|iPhone.Build.0 = Debug|Any CPU
		{8D596196-072D-42AD-A3D4-B439C32E5CE3}.Debug|iPhone.Deploy.0 = Debug|Any CPU
		{8D596196-072D-42AD-A3D4-B439C32E5CE3}.Debug|iPhoneSimulator.ActiveCfg = Debug|Any CPU
		{8D596196-072D-42AD-A3D4-B439C32E5CE3}.Debug|iPhoneSimulator.Build.0 = Debug|Any CPU
		{8D596196-072D-42AD-A3D4-B439C32E5CE3}.Debug|iPhoneSimulator.Deploy.0 = Debug|Any CPU
		{8D596196-072D-42AD-A3D4-B439C32E5CE3}.Debug|x64.ActiveCfg = Debug|Any CPU
		{8D596196-072D-42AD-A3D4-B439C32E5CE3}.Debug|x64.Build.0 = Debug|Any CPU
		{8D596196-072D-42AD-A3D4-B439C32E5CE3}.Debug|x64.Deploy.0 = Debug|Any CPU
		{8D596196-072D-42AD-A3D4-B439C32E5CE3}.Debug|x86.ActiveCfg = Debug|Any CPU
		{8D596196-072D-42AD-A3D4-B439C32E5CE3}.Debug|x86.Build.0 = Debug|Any CPU
		{8D596196-072D-42AD-A3D4-B439C32E5CE3}.Debug|x86.Deploy.0 = Debug|Any CPU
		{8D596196-072D-42AD-A3D4-B439C32E5CE3}.Release|Any CPU.ActiveCfg = Release|Any CPU
		{8D596196-072D-42AD-A3D4-B439C32E5CE3}.Release|Any CPU.Build.0 = Release|Any CPU
		{8D596196-072D-42AD-A3D4-B439C32E5CE3}.Release|Any CPU.Deploy.0 = Release|Any CPU
		{8D596196-072D-42AD-A3D4-B439C32E5CE3}.Release|ARM.ActiveCfg = Release|Any CPU
		{8D596196-072D-42AD-A3D4-B439C32E5CE3}.Release|ARM.Build.0 = Release|Any CPU
		{8D596196-072D-42AD-A3D4-B439C32E5CE3}.Release|ARM.Deploy.0 = Release|Any CPU
		{8D596196-072D-42AD-A3D4-B439C32E5CE3}.Release|iPhone.ActiveCfg = Release|Any CPU
		{8D596196-072D-42AD-A3D4-B439C32E5CE3}.Release|iPhone.Build.0 = Release|Any CPU
		{8D596196-072D-42AD-A3D4-B439C32E5CE3}.Release|iPhone.Deploy.0 = Release|Any CPU
		{8D596196-072D-42AD-A3D4-B439C32E5CE3}.Release|iPhoneSimulator.ActiveCfg = Release|Any CPU
		{8D596196-072D-42AD-A3D4-B439C32E5CE3}.Release|iPhoneSimulator.Build.0 = Release|Any CPU
		{8D596196-072D-42AD-A3D4-B439C32E5CE3}.Release|iPhoneSimulator.Deploy.0 = Release|Any CPU
		{8D596196-072D-42AD-A3D4-B439C32E5CE3}.Release|x64.ActiveCfg = Release|Any CPU
		{8D596196-072D-42AD-A3D4-B439C32E5CE3}.Release|x64.Build.0 = Release|Any CPU
		{8D596196-072D-42AD-A3D4-B439C32E5CE3}.Release|x64.Deploy.0 = Release|Any CPU
		{8D596196-072D-42AD-A3D4-B439C32E5CE3}.Release|x86.ActiveCfg = Release|Any CPU
		{8D596196-072D-42AD-A3D4-B439C32E5CE3}.Release|x86.Build.0 = Release|Any CPU
		{8D596196-072D-42AD-A3D4-B439C32E5CE3}.Release|x86.Deploy.0 = Release|Any CPU
	EndGlobalSection
	GlobalSection(SolutionProperties) = preSolution
		HideSolutionNode = FALSE
	EndGlobalSection
	GlobalSection(ExtensibilityGlobals) = postSolution
		SolutionGuid = {8619690F-0BDD-44A2-A84E-A8BECAD7FD62}
	EndGlobalSection
EndGlobal
